// !$*UTF8*$!
{
	archiveVersion = 1;
	classes = {
	};
	objectVersion = 55;
	objects = {

/* Begin PBXBuildFile section */
		1A525A7D283D21E200950AD9 /* MovieCardController.swift in Sources */ = {isa = PBXBuildFile; fileRef = 1A525A7C283D21E200950AD9 /* MovieCardController.swift */; };
		1A525A7F283D39E400950AD9 /* StarView.swift in Sources */ = {isa = PBXBuildFile; fileRef = 1A525A7E283D39E400950AD9 /* StarView.swift */; };
		3C0028A7283CF7E700155250 /* AppDelegate.swift in Sources */ = {isa = PBXBuildFile; fileRef = 3C0028A6283CF7E700155250 /* AppDelegate.swift */; };
		3C0028A9283CF7E700155250 /* SceneDelegate.swift in Sources */ = {isa = PBXBuildFile; fileRef = 3C0028A8283CF7E700155250 /* SceneDelegate.swift */; };
		3C0028AB283CF7E700155250 /* MainViewController.swift in Sources */ = {isa = PBXBuildFile; fileRef = 3C0028AA283CF7E700155250 /* MainViewController.swift */; };
		3C0028B0283CF7F300155250 /* Assets.xcassets in Resources */ = {isa = PBXBuildFile; fileRef = 3C0028AF283CF7F300155250 /* Assets.xcassets */; };
		3C0028B3283CF7F300155250 /* LaunchScreen.storyboard in Resources */ = {isa = PBXBuildFile; fileRef = 3C0028B1283CF7F300155250 /* LaunchScreen.storyboard */; };
		3C729465283D235700CF584F /* VideoListCell.swift in Sources */ = {isa = PBXBuildFile; fileRef = 3C729464283D235700CF584F /* VideoListCell.swift */; };
		3C72946C283D3ED300CF584F /* UINavigationBar + Extension.swift in Sources */ = {isa = PBXBuildFile; fileRef = 3C72946B283D3ED300CF584F /* UINavigationBar + Extension.swift */; };
		3C72946E283E2AC100CF584F /* CollectionViewCell.swift in Sources */ = {isa = PBXBuildFile; fileRef = 3C72946D283E2AC100CF584F /* CollectionViewCell.swift */; };
		3C729470283E3B2100CF584F /* Date + Extension.swift in Sources */ = {isa = PBXBuildFile; fileRef = 3C72946F283E3B2100CF584F /* Date + Extension.swift */; };
		3C729472283E42DB00CF584F /* UIColor + Extension.swift in Sources */ = {isa = PBXBuildFile; fileRef = 3C729471283E42DB00CF584F /* UIColor + Extension.swift */; };
		3C729474283E70C200CF584F /* UICollectionView + Extension.swift in Sources */ = {isa = PBXBuildFile; fileRef = 3C729473283E70C100CF584F /* UICollectionView + Extension.swift */; };
		3CD95E232840A75300614E7D /* MovieCard.swift in Sources */ = {isa = PBXBuildFile; fileRef = 3CD95E222840A75300614E7D /* MovieCard.swift */; };
/* End PBXBuildFile section */

/* Begin PBXFileReference section */
		1A525A7C283D21E200950AD9 /* MovieCardController.swift */ = {isa = PBXFileReference; lastKnownFileType = sourcecode.swift; path = MovieCardController.swift; sourceTree = "<group>"; };
		1A525A7E283D39E400950AD9 /* StarView.swift */ = {isa = PBXFileReference; lastKnownFileType = sourcecode.swift; path = StarView.swift; sourceTree = "<group>"; };
		3C0028A3283CF7E700155250 /* Movie Dreams.app */ = {isa = PBXFileReference; explicitFileType = wrapper.application; includeInIndex = 0; path = "Movie Dreams.app"; sourceTree = BUILT_PRODUCTS_DIR; };
		3C0028A6283CF7E700155250 /* AppDelegate.swift */ = {isa = PBXFileReference; lastKnownFileType = sourcecode.swift; path = AppDelegate.swift; sourceTree = "<group>"; };
		3C0028A8283CF7E700155250 /* SceneDelegate.swift */ = {isa = PBXFileReference; lastKnownFileType = sourcecode.swift; path = SceneDelegate.swift; sourceTree = "<group>"; };
		3C0028AA283CF7E700155250 /* MainViewController.swift */ = {isa = PBXFileReference; lastKnownFileType = sourcecode.swift; path = MainViewController.swift; sourceTree = "<group>"; };
		3C0028AF283CF7F300155250 /* Assets.xcassets */ = {isa = PBXFileReference; lastKnownFileType = folder.assetcatalog; path = Assets.xcassets; sourceTree = "<group>"; };
		3C0028B2283CF7F300155250 /* Base */ = {isa = PBXFileReference; lastKnownFileType = file.storyboard; name = Base; path = Base.lproj/LaunchScreen.storyboard; sourceTree = "<group>"; };
		3C0028B4283CF7F300155250 /* Info.plist */ = {isa = PBXFileReference; lastKnownFileType = text.plist.xml; path = Info.plist; sourceTree = "<group>"; };
		3C729464283D235700CF584F /* VideoListCell.swift */ = {isa = PBXFileReference; lastKnownFileType = sourcecode.swift; path = VideoListCell.swift; sourceTree = "<group>"; };
		3C72946B283D3ED300CF584F /* UINavigationBar + Extension.swift */ = {isa = PBXFileReference; lastKnownFileType = sourcecode.swift; path = "UINavigationBar + Extension.swift"; sourceTree = "<group>"; };
		3C72946D283E2AC100CF584F /* CollectionViewCell.swift */ = {isa = PBXFileReference; lastKnownFileType = sourcecode.swift; path = CollectionViewCell.swift; sourceTree = "<group>"; };
		3C72946F283E3B2100CF584F /* Date + Extension.swift */ = {isa = PBXFileReference; lastKnownFileType = sourcecode.swift; path = "Date + Extension.swift"; sourceTree = "<group>"; };
		3C729471283E42DB00CF584F /* UIColor + Extension.swift */ = {isa = PBXFileReference; lastKnownFileType = sourcecode.swift; path = "UIColor + Extension.swift"; sourceTree = "<group>"; };
		3C729473283E70C100CF584F /* UICollectionView + Extension.swift */ = {isa = PBXFileReference; lastKnownFileType = sourcecode.swift; path = "UICollectionView + Extension.swift"; sourceTree = "<group>"; };
		3CD95E222840A75300614E7D /* MovieCard.swift */ = {isa = PBXFileReference; lastKnownFileType = sourcecode.swift; path = MovieCard.swift; sourceTree = "<group>"; };
/* End PBXFileReference section */

/* Begin PBXFrameworksBuildPhase section */
		3C0028A0283CF7E700155250 /* Frameworks */ = {
			isa = PBXFrameworksBuildPhase;
			buildActionMask = 2147483647;
			files = (
			);
			runOnlyForDeploymentPostprocessing = 0;
		};
/* End PBXFrameworksBuildPhase section */

/* Begin PBXGroup section */
		3C00289A283CF7E700155250 = {
			isa = PBXGroup;
			children = (
				3C0028A5283CF7E700155250 /* Movie Dreams */,
				3C0028A4283CF7E700155250 /* Products */,
			);
			sourceTree = "<group>";
		};
		3C0028A4283CF7E700155250 /* Products */ = {
			isa = PBXGroup;
			children = (
				3C0028A3283CF7E700155250 /* Movie Dreams.app */,
			);
			name = Products;
			sourceTree = "<group>";
		};
		3C0028A5283CF7E700155250 /* Movie Dreams */ = {
			isa = PBXGroup;
			children = (
				3C0028BB283CF8A500155250 /* Application */,
				3C0028BD283CF8CF00155250 /* Models */,
				3C0028BE283CF8D700155250 /* Views */,
				3C0028BC283CF8BC00155250 /* Controllers */,
				3C72946A283D3E9400CF584F /* Extension */,
				3C729461283CFBB700CF584F /* Resources */,
				3C0028B4283CF7F300155250 /* Info.plist */,
			);
			path = "Movie Dreams";
			sourceTree = "<group>";
		};
		3C0028BB283CF8A500155250 /* Application */ = {
			isa = PBXGroup;
			children = (
				3C0028A6283CF7E700155250 /* AppDelegate.swift */,
				3C0028A8283CF7E700155250 /* SceneDelegate.swift */,
			);
			name = Application;
			sourceTree = "<group>";
		};
		3C0028BC283CF8BC00155250 /* Controllers */ = {
			isa = PBXGroup;
			children = (
				3C0028AA283CF7E700155250 /* MainViewController.swift */,
				1A525A7C283D21E200950AD9 /* MovieCardController.swift */,
			);
			name = Controllers;
			sourceTree = "<group>";
		};
		3C0028BD283CF8CF00155250 /* Models */ = {
			isa = PBXGroup;
			children = (
				3CD95E222840A75300614E7D /* MovieCard.swift */,
			);
			name = Models;
			sourceTree = "<group>";
		};
		3C0028BE283CF8D700155250 /* Views */ = {
			isa = PBXGroup;
			children = (
				1A525A7E283D39E400950AD9 /* StarView.swift */,
				3C729464283D235700CF584F /* VideoListCell.swift */,
				3C72946D283E2AC100CF584F /* CollectionViewCell.swift */,
			);
			name = Views;
			sourceTree = "<group>";
		};
		3C729461283CFBB700CF584F /* Resources */ = {
			isa = PBXGroup;
			children = (
				3C0028AF283CF7F300155250 /* Assets.xcassets */,
				3C0028B1283CF7F300155250 /* LaunchScreen.storyboard */,
			);
			name = Resources;
			sourceTree = "<group>";
		};
		3C72946A283D3E9400CF584F /* Extension */ = {
			isa = PBXGroup;
			children = (
				3C72946B283D3ED300CF584F /* UINavigationBar + Extension.swift */,
				3C729473283E70C100CF584F /* UICollectionView + Extension.swift */,
				3C72946F283E3B2100CF584F /* Date + Extension.swift */,
				3C729471283E42DB00CF584F /* UIColor + Extension.swift */,
			);
			name = Extension;
			sourceTree = "<group>";
		};
/* End PBXGroup section */

/* Begin PBXNativeTarget section */
		3C0028A2283CF7E700155250 /* Movie Dreams */ = {
			isa = PBXNativeTarget;
			buildConfigurationList = 3C0028B7283CF7F300155250 /* Build configuration list for PBXNativeTarget "Movie Dreams" */;
			buildPhases = (
				3C00289F283CF7E700155250 /* Sources */,
				3C0028A0283CF7E700155250 /* Frameworks */,
				3C0028A1283CF7E700155250 /* Resources */,
			);
			buildRules = (
			);
			dependencies = (
			);
			name = "Movie Dreams";
			productName = "Movie Dreams";
			productReference = 3C0028A3283CF7E700155250 /* Movie Dreams.app */;
			productType = "com.apple.product-type.application";
		};
/* End PBXNativeTarget section */

/* Begin PBXProject section */
		3C00289B283CF7E700155250 /* Project object */ = {
			isa = PBXProject;
			attributes = {
				BuildIndependentTargetsInParallel = 1;
				LastSwiftUpdateCheck = 1330;
				LastUpgradeCheck = 1330;
				TargetAttributes = {
					3C0028A2283CF7E700155250 = {
						CreatedOnToolsVersion = 13.3.1;
					};
				};
			};
			buildConfigurationList = 3C00289E283CF7E700155250 /* Build configuration list for PBXProject "Movie Dreams" */;
			compatibilityVersion = "Xcode 13.0";
			developmentRegion = en;
			hasScannedForEncodings = 0;
			knownRegions = (
				en,
				Base,
			);
			mainGroup = 3C00289A283CF7E700155250;
			productRefGroup = 3C0028A4283CF7E700155250 /* Products */;
			projectDirPath = "";
			projectRoot = "";
			targets = (
				3C0028A2283CF7E700155250 /* Movie Dreams */,
			);
		};
/* End PBXProject section */

/* Begin PBXResourcesBuildPhase section */
		3C0028A1283CF7E700155250 /* Resources */ = {
			isa = PBXResourcesBuildPhase;
			buildActionMask = 2147483647;
			files = (
				3C0028B3283CF7F300155250 /* LaunchScreen.storyboard in Resources */,
				3C0028B0283CF7F300155250 /* Assets.xcassets in Resources */,
			);
			runOnlyForDeploymentPostprocessing = 0;
		};
/* End PBXResourcesBuildPhase section */

/* Begin PBXSourcesBuildPhase section */
		3C00289F283CF7E700155250 /* Sources */ = {
			isa = PBXSourcesBuildPhase;
			buildActionMask = 2147483647;
			files = (
				3C0028AB283CF7E700155250 /* MainViewController.swift in Sources */,
				3C0028A7283CF7E700155250 /* AppDelegate.swift in Sources */,
				3C729470283E3B2100CF584F /* Date + Extension.swift in Sources */,
				3C72946E283E2AC100CF584F /* CollectionViewCell.swift in Sources */,
				1A525A7D283D21E200950AD9 /* MovieCardController.swift in Sources */,
				1A525A7F283D39E400950AD9 /* StarView.swift in Sources */,
				3C0028A9283CF7E700155250 /* SceneDelegate.swift in Sources */,
				3C729465283D235700CF584F /* VideoListCell.swift in Sources */,
				3CD95E232840A75300614E7D /* MovieCard.swift in Sources */,
				3C729474283E70C200CF584F /* UICollectionView + Extension.swift in Sources */,
				3C72946C283D3ED300CF584F /* UINavigationBar + Extension.swift in Sources */,
				3C729472283E42DB00CF584F /* UIColor + Extension.swift in Sources */,
			);
			runOnlyForDeploymentPostprocessing = 0;
		};
/* End PBXSourcesBuildPhase section */

/* Begin PBXVariantGroup section */
		3C0028B1283CF7F300155250 /* LaunchScreen.storyboard */ = {
			isa = PBXVariantGroup;
			children = (
				3C0028B2283CF7F300155250 /* Base */,
			);
			name = LaunchScreen.storyboard;
			sourceTree = "<group>";
		};
/* End PBXVariantGroup section */

/* Begin XCBuildConfiguration section */
		3C0028B5283CF7F300155250 /* Debug */ = {
			isa = XCBuildConfiguration;
			buildSettings = {
				ALWAYS_SEARCH_USER_PATHS = NO;
				CLANG_ANALYZER_NONNULL = YES;
				CLANG_ANALYZER_NUMBER_OBJECT_CONVERSION = YES_AGGRESSIVE;
				CLANG_CXX_LANGUAGE_STANDARD = "gnu++17";
				CLANG_ENABLE_MODULES = YES;
				CLANG_ENABLE_OBJC_ARC = YES;
				CLANG_ENABLE_OBJC_WEAK = YES;
				CLANG_WARN_BLOCK_CAPTURE_AUTORELEASING = YES;
				CLANG_WARN_BOOL_CONVERSION = YES;
				CLANG_WARN_COMMA = YES;
				CLANG_WARN_CONSTANT_CONVERSION = YES;
				CLANG_WARN_DEPRECATED_OBJC_IMPLEMENTATIONS = YES;
				CLANG_WARN_DIRECT_OBJC_ISA_USAGE = YES_ERROR;
				CLANG_WARN_DOCUMENTATION_COMMENTS = YES;
				CLANG_WARN_EMPTY_BODY = YES;
				CLANG_WARN_ENUM_CONVERSION = YES;
				CLANG_WARN_INFINITE_RECURSION = YES;
				CLANG_WARN_INT_CONVERSION = YES;
				CLANG_WARN_NON_LITERAL_NULL_CONVERSION = YES;
				CLANG_WARN_OBJC_IMPLICIT_RETAIN_SELF = YES;
				CLANG_WARN_OBJC_LITERAL_CONVERSION = YES;
				CLANG_WARN_OBJC_ROOT_CLASS = YES_ERROR;
				CLANG_WARN_QUOTED_INCLUDE_IN_FRAMEWORK_HEADER = YES;
				CLANG_WARN_RANGE_LOOP_ANALYSIS = YES;
				CLANG_WARN_STRICT_PROTOTYPES = YES;
				CLANG_WARN_SUSPICIOUS_MOVE = YES;
				CLANG_WARN_UNGUARDED_AVAILABILITY = YES_AGGRESSIVE;
				CLANG_WARN_UNREACHABLE_CODE = YES;
				CLANG_WARN__DUPLICATE_METHOD_MATCH = YES;
				COPY_PHASE_STRIP = NO;
				DEBUG_INFORMATION_FORMAT = dwarf;
				ENABLE_STRICT_OBJC_MSGSEND = YES;
				ENABLE_TESTABILITY = YES;
				GCC_C_LANGUAGE_STANDARD = gnu11;
				GCC_DYNAMIC_NO_PIC = NO;
				GCC_NO_COMMON_BLOCKS = YES;
				GCC_OPTIMIZATION_LEVEL = 0;
				GCC_PREPROCESSOR_DEFINITIONS = (
					"DEBUG=1",
					"$(inherited)",
				);
				GCC_WARN_64_TO_32_BIT_CONVERSION = YES;
				GCC_WARN_ABOUT_RETURN_TYPE = YES_ERROR;
				GCC_WARN_UNDECLARED_SELECTOR = YES;
				GCC_WARN_UNINITIALIZED_AUTOS = YES_AGGRESSIVE;
				GCC_WARN_UNUSED_FUNCTION = YES;
				GCC_WARN_UNUSED_VARIABLE = YES;
				IPHONEOS_DEPLOYMENT_TARGET = 15.4;
				MTL_ENABLE_DEBUG_INFO = INCLUDE_SOURCE;
				MTL_FAST_MATH = YES;
				ONLY_ACTIVE_ARCH = YES;
				SDKROOT = iphoneos;
				SWIFT_ACTIVE_COMPILATION_CONDITIONS = DEBUG;
				SWIFT_OPTIMIZATION_LEVEL = "-Onone";
			};
			name = Debug;
		};
		3C0028B6283CF7F300155250 /* Release */ = {
			isa = XCBuildConfiguration;
			buildSettings = {
				ALWAYS_SEARCH_USER_PATHS = NO;
				CLANG_ANALYZER_NONNULL = YES;
				CLANG_ANALYZER_NUMBER_OBJECT_CONVERSION = YES_AGGRESSIVE;
				CLANG_CXX_LANGUAGE_STANDARD = "gnu++17";
				CLANG_ENABLE_MODULES = YES;
				CLANG_ENABLE_OBJC_ARC = YES;
				CLANG_ENABLE_OBJC_WEAK = YES;
				CLANG_WARN_BLOCK_CAPTURE_AUTORELEASING = YES;
				CLANG_WARN_BOOL_CONVERSION = YES;
				CLANG_WARN_COMMA = YES;
				CLANG_WARN_CONSTANT_CONVERSION = YES;
				CLANG_WARN_DEPRECATED_OBJC_IMPLEMENTATIONS = YES;
				CLANG_WARN_DIRECT_OBJC_ISA_USAGE = YES_ERROR;
				CLANG_WARN_DOCUMENTATION_COMMENTS = YES;
				CLANG_WARN_EMPTY_BODY = YES;
				CLANG_WARN_ENUM_CONVERSION = YES;
				CLANG_WARN_INFINITE_RECURSION = YES;
				CLANG_WARN_INT_CONVERSION = YES;
				CLANG_WARN_NON_LITERAL_NULL_CONVERSION = YES;
				CLANG_WARN_OBJC_IMPLICIT_RETAIN_SELF = YES;
				CLANG_WARN_OBJC_LITERAL_CONVERSION = YES;
				CLANG_WARN_OBJC_ROOT_CLASS = YES_ERROR;
				CLANG_WARN_QUOTED_INCLUDE_IN_FRAMEWORK_HEADER = YES;
				CLANG_WARN_RANGE_LOOP_ANALYSIS = YES;
				CLANG_WARN_STRICT_PROTOTYPES = YES;
				CLANG_WARN_SUSPICIOUS_MOVE = YES;
				CLANG_WARN_UNGUARDED_AVAILABILITY = YES_AGGRESSIVE;
				CLANG_WARN_UNREACHABLE_CODE = YES;
				CLANG_WARN__DUPLICATE_METHOD_MATCH = YES;
				COPY_PHASE_STRIP = NO;
				DEBUG_INFORMATION_FORMAT = "dwarf-with-dsym";
				ENABLE_NS_ASSERTIONS = NO;
				ENABLE_STRICT_OBJC_MSGSEND = YES;
				GCC_C_LANGUAGE_STANDARD = gnu11;
				GCC_NO_COMMON_BLOCKS = YES;
				GCC_WARN_64_TO_32_BIT_CONVERSION = YES;
				GCC_WARN_ABOUT_RETURN_TYPE = YES_ERROR;
				GCC_WARN_UNDECLARED_SELECTOR = YES;
				GCC_WARN_UNINITIALIZED_AUTOS = YES_AGGRESSIVE;
				GCC_WARN_UNUSED_FUNCTION = YES;
				GCC_WARN_UNUSED_VARIABLE = YES;
				IPHONEOS_DEPLOYMENT_TARGET = 15.4;
				MTL_ENABLE_DEBUG_INFO = NO;
				MTL_FAST_MATH = YES;
				SDKROOT = iphoneos;
				SWIFT_COMPILATION_MODE = wholemodule;
				SWIFT_OPTIMIZATION_LEVEL = "-O";
				VALIDATE_PRODUCT = YES;
			};
			name = Release;
		};
		3C0028B8283CF7F300155250 /* Debug */ = {
			isa = XCBuildConfiguration;
			buildSettings = {
				ASSETCATALOG_COMPILER_APPICON_NAME = AppIcon;
				ASSETCATALOG_COMPILER_GLOBAL_ACCENT_COLOR_NAME = AccentColor;
				CODE_SIGN_STYLE = Automatic;
				CURRENT_PROJECT_VERSION = 1;
				DEVELOPMENT_TEAM = RQYPG8XK25;
				GENERATE_INFOPLIST_FILE = YES;
				INFOPLIST_FILE = "Movie Dreams/Info.plist";
				INFOPLIST_KEY_UIApplicationSupportsIndirectInputEvents = YES;
				INFOPLIST_KEY_UILaunchStoryboardName = LaunchScreen;
				INFOPLIST_KEY_UISupportedInterfaceOrientations = UIInterfaceOrientationPortrait;
				INFOPLIST_KEY_UISupportedInterfaceOrientations_iPad = "UIInterfaceOrientationPortrait UIInterfaceOrientationPortraitUpsideDown UIInterfaceOrientationLandscapeLeft UIInterfaceOrientationLandscapeRight";
				INFOPLIST_KEY_UISupportedInterfaceOrientations_iPhone = "UIInterfaceOrientationPortrait UIInterfaceOrientationLandscapeLeft UIInterfaceOrientationLandscapeRight";
				LD_RUNPATH_SEARCH_PATHS = (
					"$(inherited)",
					"@executable_path/Frameworks",
				);
				MARKETING_VERSION = 1.0;
				PRODUCT_BUNDLE_IDENTIFIER = "com.ckost9n.Movie-Dreams";
				PRODUCT_NAME = "$(TARGET_NAME)";
				SWIFT_EMIT_LOC_STRINGS = YES;
				SWIFT_VERSION = 5.0;
				TARGETED_DEVICE_FAMILY = 1;
			};
			name = Debug;
		};
		3C0028B9283CF7F300155250 /* Release */ = {
			isa = XCBuildConfiguration;
			buildSettings = {
				ASSETCATALOG_COMPILER_APPICON_NAME = AppIcon;
				ASSETCATALOG_COMPILER_GLOBAL_ACCENT_COLOR_NAME = AccentColor;
				CODE_SIGN_STYLE = Automatic;
				CURRENT_PROJECT_VERSION = 1;
				DEVELOPMENT_TEAM = RQYPG8XK25;
				GENERATE_INFOPLIST_FILE = YES;
				INFOPLIST_FILE = "Movie Dreams/Info.plist";
				INFOPLIST_KEY_UIApplicationSupportsIndirectInputEvents = YES;
				INFOPLIST_KEY_UILaunchStoryboardName = LaunchScreen;
				INFOPLIST_KEY_UISupportedInterfaceOrientations = UIInterfaceOrientationPortrait;
				INFOPLIST_KEY_UISupportedInterfaceOrientations_iPad = "UIInterfaceOrientationPortrait UIInterfaceOrientationPortraitUpsideDown UIInterfaceOrientationLandscapeLeft UIInterfaceOrientationLandscapeRight";
				INFOPLIST_KEY_UISupportedInterfaceOrientations_iPhone = "UIInterfaceOrientationPortrait UIInterfaceOrientationLandscapeLeft UIInterfaceOrientationLandscapeRight";
				LD_RUNPATH_SEARCH_PATHS = (
					"$(inherited)",
					"@executable_path/Frameworks",
				);
				MARKETING_VERSION = 1.0;
				PRODUCT_BUNDLE_IDENTIFIER = "com.ckost9n.Movie-Dreams";
				PRODUCT_NAME = "$(TARGET_NAME)";
				SWIFT_EMIT_LOC_STRINGS = YES;
				SWIFT_VERSION = 5.0;
				TARGETED_DEVICE_FAMILY = 1;
			};
			name = Release;
		};
/* End XCBuildConfiguration section */

/* Begin XCConfigurationList section */
		3C00289E283CF7E700155250 /* Build configuration list for PBXProject "Movie Dreams" */ = {
			isa = XCConfigurationList;
			buildConfigurations = (
				3C0028B5283CF7F300155250 /* Debug */,
				3C0028B6283CF7F300155250 /* Release */,
			);
			defaultConfigurationIsVisible = 0;
			defaultConfigurationName = Release;
		};
		3C0028B7283CF7F300155250 /* Build configuration list for PBXNativeTarget "Movie Dreams" */ = {
			isa = XCConfigurationList;
			buildConfigurations = (
				3C0028B8283CF7F300155250 /* Debug */,
				3C0028B9283CF7F300155250 /* Release */,
			);
			defaultConfigurationIsVisible = 0;
			defaultConfigurationName = Release;
		};
/* End XCConfigurationList section */
	};
	rootObject = 3C00289B283CF7E700155250 /* Project object */;
}
